// !$*UTF8*$!
{
	archiveVersion = 1;
	classes = {
	};
	objectVersion = 50;
	objects = {

/* Begin PBXBuildFile section */
		9B69FA46210970B800D275D9 /* main.m in Sources */ = {isa = PBXBuildFile; fileRef = 9B69FA45210970B800D275D9 /* main.m */; };
		9B69FA502109711300D275D9 /* Person.m in Sources */ = {isa = PBXBuildFile; fileRef = 9B69FA4F2109711300D275D9 /* Person.m */; };
		9B69FA55210971E700D275D9 /* Common.m in Sources */ = {isa = PBXBuildFile; fileRef = 9B69FA54210971E700D275D9 /* Common.m */; };
		9B69FA5A2109731D00D275D9 /* Teacher.m in Sources */ = {isa = PBXBuildFile; fileRef = 9B69FA572109731D00D275D9 /* Teacher.m */; };
		9B69FA5B2109731D00D275D9 /* Person+Life.m in Sources */ = {isa = PBXBuildFile; fileRef = 9B69FA592109731D00D275D9 /* Person+Life.m */; };
/* End PBXBuildFile section */

/* Begin PBXCopyFilesBuildPhase section */
		9B69FA40210970B800D275D9 /* CopyFiles */ = {
			isa = PBXCopyFilesBuildPhase;
			buildActionMask = 2147483647;
			dstPath = /usr/share/man/man1/;
			dstSubfolderSpec = 0;
			files = (
			);
			runOnlyForDeploymentPostprocessing = 1;
		};
/* End PBXCopyFilesBuildPhase section */

/* Begin PBXFileReference section */
		9B69FA42210970B800D275D9 /* TrainOC */ = {isa = PBXFileReference; explicitFileType = "compiled.mach-o.executable"; includeInIndex = 0; path = TrainOC; sourceTree = BUILT_PRODUCTS_DIR; };
		9B69FA45210970B800D275D9 /* main.m */ = {isa = PBXFileReference; lastKnownFileType = sourcecode.c.objc; path = main.m; sourceTree = "<group>"; };
		9B69FA4E2109711300D275D9 /* Person.h */ = {isa = PBXFileReference; lastKnownFileType = sourcecode.c.h; path = Person.h; sourceTree = "<group>"; };
		9B69FA4F2109711300D275D9 /* Person.m */ = {isa = PBXFileReference; lastKnownFileType = sourcecode.c.objc; path = Person.m; sourceTree = "<group>"; };
		9B69FA512109715A00D275D9 /* PrefixHeader.pch */ = {isa = PBXFileReference; lastKnownFileType = sourcecode.c.h; path = PrefixHeader.pch; sourceTree = "<group>"; };
		9B69FA53210971E700D275D9 /* Common.h */ = {isa = PBXFileReference; lastKnownFileType = sourcecode.c.h; path = Common.h; sourceTree = "<group>"; };
		9B69FA54210971E700D275D9 /* Common.m */ = {isa = PBXFileReference; lastKnownFileType = sourcecode.c.objc; path = Common.m; sourceTree = "<group>"; };
		9B69FA562109731D00D275D9 /* Person+Life.h */ = {isa = PBXFileReference; fileEncoding = 4; lastKnownFileType = sourcecode.c.h; path = "Person+Life.h"; sourceTree = "<group>"; };
		9B69FA572109731D00D275D9 /* Teacher.m */ = {isa = PBXFileReference; fileEncoding = 4; lastKnownFileType = sourcecode.c.objc; path = Teacher.m; sourceTree = "<group>"; };
		9B69FA582109731D00D275D9 /* Teacher.h */ = {isa = PBXFileReference; fileEncoding = 4; lastKnownFileType = sourcecode.c.h; path = Teacher.h; sourceTree = "<group>"; };
		9B69FA592109731D00D275D9 /* Person+Life.m */ = {isa = PBXFileReference; fileEncoding = 4; lastKnownFileType = sourcecode.c.objc; path = "Person+Life.m"; sourceTree = "<group>"; };
/* End PBXFileReference section */

/* Begin PBXFrameworksBuildPhase section */
		9B69FA3F210970B800D275D9 /* Frameworks */ = {
			isa = PBXFrameworksBuildPhase;
			buildActionMask = 2147483647;
			files = (
			);
			runOnlyForDeploymentPostprocessing = 0;
		};
/* End PBXFrameworksBuildPhase section */

/* Begin PBXGroup section */
		9B69FA39210970B800D275D9 = {
			isa = PBXGroup;
			children = (
				9B69FA44210970B800D275D9 /* TrainOC */,
				9B69FA43210970B800D275D9 /* Products */,
			);
			sourceTree = "<group>";
		};
		9B69FA43210970B800D275D9 /* Products */ = {
			isa = PBXGroup;
			children = (
				9B69FA42210970B800D275D9 /* TrainOC */,
			);
			name = Products;
			sourceTree = "<group>";
		};
		9B69FA44210970B800D275D9 /* TrainOC */ = {
			isa = PBXGroup;
			children = (
				9B69FA52210971C800D275D9 /* Common */,
				9B69FA4D210970CB00D275D9 /* Person */,
				9B69FA45210970B800D275D9 /* main.m */,
				9B69FA512109715A00D275D9 /* PrefixHeader.pch */,
			);
			path = TrainOC;
			sourceTree = "<group>";
		};
		9B69FA4D210970CB00D275D9 /* Person */ = {
			isa = PBXGroup;
			children = (
				9B69FA562109731D00D275D9 /* Person+Life.h */,
				9B69FA592109731D00D275D9 /* Person+Life.m */,
				9B69FA582109731D00D275D9 /* Teacher.h */,
				9B69FA572109731D00D275D9 /* Teacher.m */,
				9B69FA4E2109711300D275D9 /* Person.h */,
				9B69FA4F2109711300D275D9 /* Person.m */,
			);
			path = Person;
			sourceTree = "<group>";
		};
		9B69FA52210971C800D275D9 /* Common */ = {
			isa = PBXGroup;
			children = (
				9B69FA53210971E700D275D9 /* Common.h */,
				9B69FA54210971E700D275D9 /* Common.m */,
			);
			path = Common;
			sourceTree = "<group>";
		};
/* End PBXGroup section */

/* Begin PBXNativeTarget section */
		9B69FA41210970B800D275D9 /* TrainOC */ = {
			isa = PBXNativeTarget;
			buildConfigurationList = 9B69FA49210970B800D275D9 /* Build configuration list for PBXNativeTarget "TrainOC" */;
			buildPhases = (
				9B69FA3E210970B800D275D9 /* Sources */,
				9B69FA3F210970B800D275D9 /* Frameworks */,
				9B69FA40210970B800D275D9 /* CopyFiles */,
			);
			buildRules = (
			);
			dependencies = (
			);
			name = TrainOC;
			productName = TrainOC;
			productReference = 9B69FA42210970B800D275D9 /* TrainOC */;
			productType = "com.apple.product-type.tool";
		};
/* End PBXNativeTarget section */

/* Begin PBXProject section */
		9B69FA3A210970B800D275D9 /* Project object */ = {
			isa = PBXProject;
			attributes = {
				LastUpgradeCheck = 0940;
				ORGANIZATIONNAME = "王雷";
				TargetAttributes = {
					9B69FA41210970B800D275D9 = {
						CreatedOnToolsVersion = 9.4.1;
					};
				};
			};
			buildConfigurationList = 9B69FA3D210970B800D275D9 /* Build configuration list for PBXProject "TrainOC" */;
			compatibilityVersion = "Xcode 9.3";
			developmentRegion = en;
			hasScannedForEncodings = 0;
			knownRegions = (
				en,
			);
			mainGroup = 9B69FA39210970B800D275D9;
			productRefGroup = 9B69FA43210970B800D275D9 /* Products */;
			projectDirPath = "";
			projectRoot = "";
			targets = (
				9B69FA41210970B800D275D9 /* TrainOC */,
			);
		};
/* End PBXProject section */

/* Begin PBXSourcesBuildPhase section */
		9B69FA3E210970B800D275D9 /* Sources */ = {
			isa = PBXSourcesBuildPhase;
			buildActionMask = 2147483647;
			files = (
				9B69FA5B2109731D00D275D9 /* Person+Life.m in Sources */,
				9B69FA5A2109731D00D275D9 /* Teacher.m in Sources */,
				9B69FA55210971E700D275D9 /* Common.m in Sources */,
				9B69FA502109711300D275D9 /* Person.m in Sources */,
				9B69FA46210970B800D275D9 /* main.m in Sources */,
			);
			runOnlyForDeploymentPostprocessing = 0;
		};
/* End PBXSourcesBuildPhase section */

/* Begin XCBuildConfiguration section */
		9B69FA47210970B800D275D9 /* Debug */ = {
			isa = XCBuildConfiguration;
			buildSettings = {
				ALWAYS_SEARCH_USER_PATHS = NO;
				CLANG_ANALYZER_NONNULL = YES;
				CLANG_ANALYZER_NUMBER_OBJECT_CONVERSION = YES_AGGRESSIVE;
				CLANG_CXX_LANGUAGE_STANDARD = "gnu++14";
				CLANG_CXX_LIBRARY = "libc++";
				CLANG_ENABLE_MODULES = YES;
				CLANG_ENABLE_OBJC_ARC = YES;
				CLANG_ENABLE_OBJC_WEAK = YES;
				CLANG_WARN_BLOCK_CAPTURE_AUTORELEASING = YES;
				CLANG_WARN_BOOL_CONVERSION = YES;
				CLANG_WARN_COMMA = YES;
				CLANG_WARN_CONSTANT_CONVERSION = YES;
				CLANG_WARN_DEPRECATED_OBJC_IMPLEMENTATIONS = YES;
				CLANG_WARN_DIRECT_OBJC_ISA_USAGE = YES_ERROR;
				CLANG_WARN_DOCUMENTATION_COMMENTS = YES;
				CLANG_WARN_EMPTY_BODY = YES;
				CLANG_WARN_ENUM_CONVERSION = YES;
				CLANG_WARN_INFINITE_RECURSION = YES;
				CLANG_WARN_INT_CONVERSION = YES;
				CLANG_WARN_NON_LITERAL_NULL_CONVERSION = YES;
				CLANG_WARN_OBJC_IMPLICIT_RETAIN_SELF = YES;
				CLANG_WARN_OBJC_LITERAL_CONVERSION = YES;
				CLANG_WARN_OBJC_ROOT_CLASS = YES_ERROR;
				CLANG_WARN_RANGE_LOOP_ANALYSIS = YES;
				CLANG_WARN_STRICT_PROTOTYPES = YES;
				CLANG_WARN_SUSPICIOUS_MOVE = YES;
				CLANG_WARN_UNGUARDED_AVAILABILITY = YES_AGGRESSIVE;
				CLANG_WARN_UNREACHABLE_CODE = YES;
				CLANG_WARN__DUPLICATE_METHOD_MATCH = YES;
				CODE_SIGN_IDENTITY = "-";
				COPY_PHASE_STRIP = NO;
				DEBUG_INFORMATION_FORMAT = dwarf;
				ENABLE_STRICT_OBJC_MSGSEND = YES;
				ENABLE_TESTABILITY = YES;
				GCC_C_LANGUAGE_STANDARD = gnu11;
				GCC_DYNAMIC_NO_PIC = NO;
				GCC_NO_COMMON_BLOCKS = YES;
				GCC_OPTIMIZATION_LEVEL = 0;
				GCC_PREPROCESSOR_DEFINITIONS = (
					"DEBUG=1",
					"$(inherited)",
				);
				GCC_WARN_64_TO_32_BIT_CONVERSION = YES;
				GCC_WARN_ABOUT_RETURN_TYPE = YES_ERROR;
				GCC_WARN_UNDECLARED_SELECTOR = YES;
				GCC_WARN_UNINITIALIZED_AUTOS = YES_AGGRESSIVE;
				GCC_WARN_UNUSED_FUNCTION = YES;
				GCC_WARN_UNUSED_VARIABLE = YES;
				MACOSX_DEPLOYMENT_TARGET = 10.13;
				MTL_ENABLE_DEBUG_INFO = YES;
				ONLY_ACTIVE_ARCH = YES;
				SDKROOT = macosx;
			};
			name = Debug;
		};
		9B69FA48210970B800D275D9 /* Release */ = {
			isa = XCBuildConfiguration;
			buildSettings = {
				ALWAYS_SEARCH_USER_PATHS = NO;
				CLANG_ANALYZER_NONNULL = YES;
				CLANG_ANALYZER_NUMBER_OBJECT_CONVERSION = YES_AGGRESSIVE;
				CLANG_CXX_LANGUAGE_STANDARD = "gnu++14";
				CLANG_CXX_LIBRARY = "libc++";
				CLANG_ENABLE_MODULES = YES;
				CLANG_ENABLE_OBJC_ARC = YES;
				CLANG_ENABLE_OBJC_WEAK = YES;
				CLANG_WARN_BLOCK_CAPTURE_AUTORELEASING = YES;
				CLANG_WARN_BOOL_CONVERSION = YES;
				CLANG_WARN_COMMA = YES;
				CLANG_WARN_CONSTANT_CONVERSION = YES;
				CLANG_WARN_DEPRECATED_OBJC_IMPLEMENTATIONS = YES;
				CLANG_WARN_DIRECT_OBJC_ISA_USAGE = YES_ERROR;
				CLANG_WARN_DOCUMENTATION_COMMENTS = YES;
				CLANG_WARN_EMPTY_BODY = YES;
				CLANG_WARN_ENUM_CONVERSION = YES;
				CLANG_WARN_INFINITE_RECURSION = YES;
				CLANG_WARN_INT_CONVERSION = YES;
				CLANG_WARN_NON_LITERAL_NULL_CONVERSION = YES;
				CLANG_WARN_OBJC_IMPLICIT_RETAIN_SELF = YES;
				CLANG_WARN_OBJC_LITERAL_CONVERSION = YES;
				CLANG_WARN_OBJC_ROOT_CLASS = YES_ERROR;
				CLANG_WARN_RANGE_LOOP_ANALYSIS = YES;
				CLANG_WARN_STRICT_PROTOTYPES = YES;
				CLANG_WARN_SUSPICIOUS_MOVE = YES;
				CLANG_WARN_UNGUARDED_AVAILABILITY = YES_AGGRESSIVE;
				CLANG_WARN_UNREACHABLE_CODE = YES;
				CLANG_WARN__DUPLICATE_METHOD_MATCH = YES;
				CODE_SIGN_IDENTITY = "-";
				COPY_PHASE_STRIP = NO;
				DEBUG_INFORMATION_FORMAT = "dwarf-with-dsym";
				ENABLE_NS_ASSERTIONS = NO;
				ENABLE_STRICT_OBJC_MSGSEND = YES;
				GCC_C_LANGUAGE_STANDARD = gnu11;
				GCC_NO_COMMON_BLOCKS = YES;
				GCC_WARN_64_TO_32_BIT_CONVERSION = YES;
				GCC_WARN_ABOUT_RETURN_TYPE = YES_ERROR;
				GCC_WARN_UNDECLARED_SELECTOR = YES;
				GCC_WARN_UNINITIALIZED_AUTOS = YES_AGGRESSIVE;
				GCC_WARN_UNUSED_FUNCTION = YES;
				GCC_WARN_UNUSED_VARIABLE = YES;
				MACOSX_DEPLOYMENT_TARGET = 10.13;
				MTL_ENABLE_DEBUG_INFO = NO;
				SDKROOT = macosx;
			};
			name = Release;
		};
		9B69FA4A210970B800D275D9 /* Debug */ = {
			isa = XCBuildConfiguration;
			buildSettings = {
				CODE_SIGN_STYLE = Automatic;
				GCC_PRECOMPILE_PREFIX_HEADER = YES;
				GCC_PREFIX_HEADER = TrainOC/PrefixHeader.pch;
				PRODUCT_NAME = "$(TARGET_NAME)";
			};
			name = Debug;
		};
		9B69FA4B210970B800D275D9 /* Release */ = {
			isa = XCBuildConfiguration;
			buildSettings = {
				CODE_SIGN_STYLE = Automatic;
				GCC_PRECOMPILE_PREFIX_HEADER = YES;
				GCC_PREFIX_HEADER = TrainOC/PrefixHeader.pch;
				PRODUCT_NAME = "$(TARGET_NAME)";
			};
			name = Release;
		};
/* End XCBuildConfiguration section */

/* Begin XCConfigurationList section */
		9B69FA3D210970B800D275D9 /* Build configuration list for PBXProject "TrainOC" */ = {
			isa = XCConfigurationList;
			buildConfigurations = (
				9B69FA47210970B800D275D9 /* Debug */,
				9B69FA48210970B800D275D9 /* Release */,
			);
			defaultConfigurationIsVisible = 0;
			defaultConfigurationName = Release;
		};
		9B69FA49210970B800D275D9 /* Build configuration list for PBXNativeTarget "TrainOC" */ = {
			isa = XCConfigurationList;
			buildConfigurations = (
				9B69FA4A210970B800D275D9 /* Debug */,
				9B69FA4B210970B800D275D9 /* Release */,
			);
			defaultConfigurationIsVisible = 0;
			defaultConfigurationName = Release;
		};
/* End XCConfigurationList section */
	};
	rootObject = 9B69FA3A210970B800D275D9 /* Project object */;
}
